
Microsoft Visual Studio Solution File, Format Version 12.00
# Visual Studio Version 17
VisualStudioVersion = 17.9.34723.18
MinimumVisualStudioVersion = 10.0.40219.1
Project("{FAE04EC0-301F-11D3-BF4B-00C04F79EFBC}") = "ясь15", "ясь15.csproj", "{B7D1087C-0B06-47EA-B669-933545ECAB13}"
EndProject
Global
	GlobalSection(SolutionConfigurationPlatforms) = preSolution
		Debug|Any CPU = Debug|Any CPU
		Release|Any CPU = Release|Any CPU
	EndGlobalSection
	GlobalSection(ProjectConfigurationPlatforms) = postSolution
		{B7D1087C-0B06-47EA-B669-933545ECAB13}.Debug|Any CPU.ActiveCfg = Debug|Any CPU
		{B7D1087C-0B06-47EA-B669-933545ECAB13}.Debug|Any CPU.Build.0 = Debug|Any CPU
		{B7D1087C-0B06-47EA-B669-933545ECAB13}.Release|Any CPU.ActiveCfg = Release|Any CPU
		{B7D1087C-0B06-47EA-B669-933545ECAB13}.Release|Any CPU.Build.0 = Release|Any CPU
	EndGlobalSection
	GlobalSection(SolutionProperties) = preSolution
		HideSolutionNode = FALSE
	EndGlobalSection
	GlobalSection(ExtensibilityGlobals) = postSolution
		SolutionGuid = {355BE345-694F-4F07-B07C-13F3C73A4B5F}
	EndGlobalSection
EndGlobal
