
Microsoft Visual Studio Solution File, Format Version 12.00
# Visual Studio Version 17
VisualStudioVersion = 17.9.34723.18
MinimumVisualStudioVersion = 10.0.40219.1
Project("{FAE04EC0-301F-11D3-BF4B-00C04F79EFBC}") = "ясь11", "ясь11.csproj", "{1EB7C6AB-B129-43A7-A10D-E18E55C1364C}"
EndProject
Global
	GlobalSection(SolutionConfigurationPlatforms) = preSolution
		Debug|Any CPU = Debug|Any CPU
		Release|Any CPU = Release|Any CPU
	EndGlobalSection
	GlobalSection(ProjectConfigurationPlatforms) = postSolution
		{1EB7C6AB-B129-43A7-A10D-E18E55C1364C}.Debug|Any CPU.ActiveCfg = Debug|Any CPU
		{1EB7C6AB-B129-43A7-A10D-E18E55C1364C}.Debug|Any CPU.Build.0 = Debug|Any CPU
		{1EB7C6AB-B129-43A7-A10D-E18E55C1364C}.Release|Any CPU.ActiveCfg = Release|Any CPU
		{1EB7C6AB-B129-43A7-A10D-E18E55C1364C}.Release|Any CPU.Build.0 = Release|Any CPU
	EndGlobalSection
	GlobalSection(SolutionProperties) = preSolution
		HideSolutionNode = FALSE
	EndGlobalSection
	GlobalSection(ExtensibilityGlobals) = postSolution
		SolutionGuid = {208BBBFE-E98B-4D68-9902-F612E9A08F6E}
	EndGlobalSection
EndGlobal
