
Microsoft Visual Studio Solution File, Format Version 12.00
# Visual Studio Version 17
VisualStudioVersion = 17.9.34723.18
MinimumVisualStudioVersion = 10.0.40219.1
Project("{FAE04EC0-301F-11D3-BF4B-00C04F79EFBC}") = "Ясь8", "Ясь8.csproj", "{D0E80C67-AD22-4B7C-B28C-AFDF385748B0}"
EndProject
Global
	GlobalSection(SolutionConfigurationPlatforms) = preSolution
		Debug|Any CPU = Debug|Any CPU
		Release|Any CPU = Release|Any CPU
	EndGlobalSection
	GlobalSection(ProjectConfigurationPlatforms) = postSolution
		{D0E80C67-AD22-4B7C-B28C-AFDF385748B0}.Debug|Any CPU.ActiveCfg = Debug|Any CPU
		{D0E80C67-AD22-4B7C-B28C-AFDF385748B0}.Debug|Any CPU.Build.0 = Debug|Any CPU
		{D0E80C67-AD22-4B7C-B28C-AFDF385748B0}.Release|Any CPU.ActiveCfg = Release|Any CPU
		{D0E80C67-AD22-4B7C-B28C-AFDF385748B0}.Release|Any CPU.Build.0 = Release|Any CPU
	EndGlobalSection
	GlobalSection(SolutionProperties) = preSolution
		HideSolutionNode = FALSE
	EndGlobalSection
	GlobalSection(ExtensibilityGlobals) = postSolution
		SolutionGuid = {9E6DF5FA-34B5-4854-8C1F-AFC6737CC59F}
	EndGlobalSection
EndGlobal
