
Microsoft Visual Studio Solution File, Format Version 12.00
# Visual Studio Version 17
VisualStudioVersion = 17.9.34723.18
MinimumVisualStudioVersion = 10.0.40219.1
Project("{FAE04EC0-301F-11D3-BF4B-00C04F79EFBC}") = "ясь13", "ясь13.csproj", "{DE8379D7-B415-4569-90D8-E633320BA582}"
EndProject
Global
	GlobalSection(SolutionConfigurationPlatforms) = preSolution
		Debug|Any CPU = Debug|Any CPU
		Release|Any CPU = Release|Any CPU
	EndGlobalSection
	GlobalSection(ProjectConfigurationPlatforms) = postSolution
		{DE8379D7-B415-4569-90D8-E633320BA582}.Debug|Any CPU.ActiveCfg = Debug|Any CPU
		{DE8379D7-B415-4569-90D8-E633320BA582}.Debug|Any CPU.Build.0 = Debug|Any CPU
		{DE8379D7-B415-4569-90D8-E633320BA582}.Release|Any CPU.ActiveCfg = Release|Any CPU
		{DE8379D7-B415-4569-90D8-E633320BA582}.Release|Any CPU.Build.0 = Release|Any CPU
	EndGlobalSection
	GlobalSection(SolutionProperties) = preSolution
		HideSolutionNode = FALSE
	EndGlobalSection
	GlobalSection(ExtensibilityGlobals) = postSolution
		SolutionGuid = {6C7D2BF6-CD11-4E22-BBE9-6C41817299CE}
	EndGlobalSection
EndGlobal
